
Microsoft Visual Studio Solution File, Format Version 12.00
# Visual Studio 15
VisualStudioVersion = 15.0.28010.2046
MinimumVisualStudioVersion = 10.0.40219.1
Project("{FAE04EC0-301F-11D3-BF4B-00C04F79EFBC}") = "CapaDatos", "CapaDatos\CapaDatos.csproj", "{4DDF26FB-A0E5-474A-AC3C-536BAD23C37E}"
EndProject
Project("{FAE04EC0-301F-11D3-BF4B-00C04F79EFBC}") = "CapaEntidad", "CapaEntidad\CapaEntidad.csproj", "{96662DD4-94D8-47F3-A49B-5BF40A726260}"
EndProject
Project("{FAE04EC0-301F-11D3-BF4B-00C04F79EFBC}") = "CapaNegocio", "CapaNegocio\CapaNegocio.csproj", "{8E53CAF8-9916-4B1F-B296-49F9AD23ADF7}"
EndProject
Project("{FAE04EC0-301F-11D3-BF4B-00C04F79EFBC}") = "CapaPresentacion", "CapaPresentacion\CapaPresentacion.csproj", "{8CB9DACB-BB34-478C-9BF8-F66175897A53}"
EndProject
Global
	GlobalSection(SolutionConfigurationPlatforms) = preSolution
		Debug|Any CPU = Debug|Any CPU
		Release|Any CPU = Release|Any CPU
	EndGlobalSection
	GlobalSection(ProjectConfigurationPlatforms) = postSolution
		{4DDF26FB-A0E5-474A-AC3C-536BAD23C37E}.Debug|Any CPU.ActiveCfg = Debug|Any CPU
		{4DDF26FB-A0E5-474A-AC3C-536BAD23C37E}.Debug|Any CPU.Build.0 = Debug|Any CPU
		{4DDF26FB-A0E5-474A-AC3C-536BAD23C37E}.Release|Any CPU.ActiveCfg = Release|Any CPU
		{4DDF26FB-A0E5-474A-AC3C-536BAD23C37E}.Release|Any CPU.Build.0 = Release|Any CPU
		{96662DD4-94D8-47F3-A49B-5BF40A726260}.Debug|Any CPU.ActiveCfg = Debug|Any CPU
		{96662DD4-94D8-47F3-A49B-5BF40A726260}.Debug|Any CPU.Build.0 = Debug|Any CPU
		{96662DD4-94D8-47F3-A49B-5BF40A726260}.Release|Any CPU.ActiveCfg = Release|Any CPU
		{96662DD4-94D8-47F3-A49B-5BF40A726260}.Release|Any CPU.Build.0 = Release|Any CPU
		{8E53CAF8-9916-4B1F-B296-49F9AD23ADF7}.Debug|Any CPU.ActiveCfg = Debug|Any CPU
		{8E53CAF8-9916-4B1F-B296-49F9AD23ADF7}.Debug|Any CPU.Build.0 = Debug|Any CPU
		{8E53CAF8-9916-4B1F-B296-49F9AD23ADF7}.Release|Any CPU.ActiveCfg = Release|Any CPU
		{8E53CAF8-9916-4B1F-B296-49F9AD23ADF7}.Release|Any CPU.Build.0 = Release|Any CPU
		{8CB9DACB-BB34-478C-9BF8-F66175897A53}.Debug|Any CPU.ActiveCfg = Debug|Any CPU
		{8CB9DACB-BB34-478C-9BF8-F66175897A53}.Debug|Any CPU.Build.0 = Debug|Any CPU
		{8CB9DACB-BB34-478C-9BF8-F66175897A53}.Release|Any CPU.ActiveCfg = Release|Any CPU
		{8CB9DACB-BB34-478C-9BF8-F66175897A53}.Release|Any CPU.Build.0 = Release|Any CPU
	EndGlobalSection
	GlobalSection(SolutionProperties) = preSolution
		HideSolutionNode = FALSE
	EndGlobalSection
	GlobalSection(ExtensibilityGlobals) = postSolution
		SolutionGuid = {5A3CBD1C-0031-4313-AFE1-AE680FDF4DF1}
	EndGlobalSection
EndGlobal
